// !$*UTF8*$!
{
	archiveVersion = 1;
	classes = {
	};
	objectVersion = 77;
	objects = {

/* Begin PBXBuildFile section */
		0770A0342F0AD5820094C515 /* Lean Docs Highlighter Extension.appex in Embed Foundation Extensions */ = {isa = PBXBuildFile; fileRef = 0770A0332F0AD5820094C515 /* Lean Docs Highlighter Extension.appex */; settings = {ATTRIBUTES = (RemoveHeadersOnCopy, ); }; };
		0770A03E2F0AD5820094C515 /* Lean Docs Highlighter Extension.appex in Embed Foundation Extensions */ = {isa = PBXBuildFile; fileRef = 0770A03D2F0AD5820094C515 /* Lean Docs Highlighter Extension.appex */; settings = {ATTRIBUTES = (RemoveHeadersOnCopy, ); }; };
/* End PBXBuildFile section */

/* Begin PBXContainerItemProxy section */
		0770A0352F0AD5820094C515 /* PBXContainerItemProxy */ = {
			isa = PBXContainerItemProxy;
			containerPortal = 07709FFA2F0AD5810094C515 /* Project object */;
			proxyType = 1;
			remoteGlobalIDString = 0770A0322F0AD5820094C515;
			remoteInfo = "Lean Docs Highlighter Extension (iOS)";
		};
		0770A03F2F0AD5820094C515 /* PBXContainerItemProxy */ = {
			isa = PBXContainerItemProxy;
			containerPortal = 07709FFA2F0AD5810094C515 /* Project object */;
			proxyType = 1;
			remoteGlobalIDString = 0770A03C2F0AD5820094C515;
			remoteInfo = "Lean Docs Highlighter Extension (macOS)";
		};
/* End PBXContainerItemProxy section */

/* Begin PBXCopyFilesBuildPhase section */
		0770A0662F0AD5820094C515 /* Embed Foundation Extensions */ = {
			isa = PBXCopyFilesBuildPhase;
			buildActionMask = 2147483647;
			dstPath = "";
			dstSubfolderSpec = 13;
			files = (
				0770A0342F0AD5820094C515 /* Lean Docs Highlighter Extension.appex in Embed Foundation Extensions */,
			);
			name = "Embed Foundation Extensions";
			runOnlyForDeploymentPostprocessing = 0;
		};
		0770A0702F0AD5820094C515 /* Embed Foundation Extensions */ = {
			isa = PBXCopyFilesBuildPhase;
			buildActionMask = 2147483647;
			dstPath = "";
			dstSubfolderSpec = 13;
			files = (
				0770A03E2F0AD5820094C515 /* Lean Docs Highlighter Extension.appex in Embed Foundation Extensions */,
			);
			name = "Embed Foundation Extensions";
			runOnlyForDeploymentPostprocessing = 0;
		};
/* End PBXCopyFilesBuildPhase section */

/* Begin PBXFileReference section */
		0770A0162F0AD5820094C515 /* Lean Docs Highlighter.app */ = {isa = PBXFileReference; explicitFileType = wrapper.application; includeInIndex = 0; path = "Lean Docs Highlighter.app"; sourceTree = BUILT_PRODUCTS_DIR; };
		0770A0282F0AD5820094C515 /* Lean Docs Highlighter.app */ = {isa = PBXFileReference; explicitFileType = wrapper.application; includeInIndex = 0; path = "Lean Docs Highlighter.app"; sourceTree = BUILT_PRODUCTS_DIR; };
		0770A0332F0AD5820094C515 /* Lean Docs Highlighter Extension.appex */ = {isa = PBXFileReference; explicitFileType = "wrapper.app-extension"; includeInIndex = 0; path = "Lean Docs Highlighter Extension.appex"; sourceTree = BUILT_PRODUCTS_DIR; };
		0770A03D2F0AD5820094C515 /* Lean Docs Highlighter Extension.appex */ = {isa = PBXFileReference; explicitFileType = "wrapper.app-extension"; includeInIndex = 0; path = "Lean Docs Highlighter Extension.appex"; sourceTree = BUILT_PRODUCTS_DIR; };
/* End PBXFileReference section */

/* Begin PBXFileSystemSynchronizedBuildFileExceptionSet section */
		0770A0612F0AD5820094C515 /* Exceptions for "Shared (App)" folder in "Lean Docs Highlighter (iOS)" target */ = {
			isa = PBXFileSystemSynchronizedBuildFileExceptionSet;
			membershipExceptions = (
				"/Localized: Resources/Main.html",
				Assets.xcassets,
				Resources/Icon.png,
				Resources/Script.js,
				Resources/Style.css,
				ViewController.swift,
			);
			target = 0770A0152F0AD5820094C515 /* Lean Docs Highlighter (iOS) */;
		};
		0770A0652F0AD5820094C515 /* Exceptions for "iOS (Extension)" folder in "Lean Docs Highlighter Extension (iOS)" target */ = {
			isa = PBXFileSystemSynchronizedBuildFileExceptionSet;
			membershipExceptions = (
				Info.plist,
			);
			target = 0770A0322F0AD5820094C515 /* Lean Docs Highlighter Extension (iOS) */;
		};
		0770A06A2F0AD5820094C515 /* Exceptions for "iOS (App)" folder in "Lean Docs Highlighter (iOS)" target */ = {
			isa = PBXFileSystemSynchronizedBuildFileExceptionSet;
			membershipExceptions = (
				Info.plist,
			);
			target = 0770A0152F0AD5820094C515 /* Lean Docs Highlighter (iOS) */;
		};
		0770A06B2F0AD5820094C515 /* Exceptions for "Shared (App)" folder in "Lean Docs Highlighter (macOS)" target */ = {
			isa = PBXFileSystemSynchronizedBuildFileExceptionSet;
			membershipExceptions = (
				"/Localized: Resources/Main.html",
				Assets.xcassets,
				Resources/Icon.png,
				Resources/Script.js,
				Resources/Style.css,
				ViewController.swift,
			);
			target = 0770A0272F0AD5820094C515 /* Lean Docs Highlighter (macOS) */;
		};
		0770A06F2F0AD5820094C515 /* Exceptions for "macOS (Extension)" folder in "Lean Docs Highlighter Extension (macOS)" target */ = {
			isa = PBXFileSystemSynchronizedBuildFileExceptionSet;
			membershipExceptions = (
				Info.plist,
			);
			target = 0770A03C2F0AD5820094C515 /* Lean Docs Highlighter Extension (macOS) */;
		};
		0770A0742F0AD5820094C515 /* Exceptions for "Shared (Extension)" folder in "Lean Docs Highlighter Extension (iOS)" target */ = {
			isa = PBXFileSystemSynchronizedBuildFileExceptionSet;
			membershipExceptions = (
				Resources/_locales,
				Resources/background.js,
				Resources/content.css,
				Resources/content.js,
				Resources/images,
				Resources/manifest.json,
				Resources/popup.css,
				Resources/popup.html,
				Resources/popup.js,
				SafariWebExtensionHandler.swift,
			);
			target = 0770A0322F0AD5820094C515 /* Lean Docs Highlighter Extension (iOS) */;
		};
		0770A0752F0AD5820094C515 /* Exceptions for "Shared (Extension)" folder in "Lean Docs Highlighter Extension (macOS)" target */ = {
			isa = PBXFileSystemSynchronizedBuildFileExceptionSet;
			membershipExceptions = (
				Resources/_locales,
				Resources/background.js,
				Resources/content.css,
				Resources/content.js,
				Resources/images,
				Resources/manifest.json,
				Resources/popup.css,
				Resources/popup.html,
				Resources/popup.js,
				SafariWebExtensionHandler.swift,
			);
			target = 0770A03C2F0AD5820094C515 /* Lean Docs Highlighter Extension (macOS) */;
		};
/* End PBXFileSystemSynchronizedBuildFileExceptionSet section */

/* Begin PBXFileSystemSynchronizedRootGroup section */
		07709FFE2F0AD5810094C515 /* Shared (App) */ = {
			isa = PBXFileSystemSynchronizedRootGroup;
			exceptions = (
				0770A0612F0AD5820094C515 /* Exceptions for "Shared (App)" folder in "Lean Docs Highlighter (iOS)" target */,
				0770A06B2F0AD5820094C515 /* Exceptions for "Shared (App)" folder in "Lean Docs Highlighter (macOS)" target */,
			);
			path = "Shared (App)";
			sourceTree = "<group>";
		};
		0770A0072F0AD5820094C515 /* Shared (Extension) */ = {
			isa = PBXFileSystemSynchronizedRootGroup;
			exceptions = (
				0770A0742F0AD5820094C515 /* Exceptions for "Shared (Extension)" folder in "Lean Docs Highlighter Extension (iOS)" target */,
				0770A0752F0AD5820094C515 /* Exceptions for "Shared (Extension)" folder in "Lean Docs Highlighter Extension (macOS)" target */,
			);
			explicitFolders = (
				Resources/_locales,
				Resources/images,
			);
			path = "Shared (Extension)";
			sourceTree = "<group>";
		};
		0770A0182F0AD5820094C515 /* iOS (App) */ = {
			isa = PBXFileSystemSynchronizedRootGroup;
			exceptions = (
				0770A06A2F0AD5820094C515 /* Exceptions for "iOS (App)" folder in "Lean Docs Highlighter (iOS)" target */,
			);
			path = "iOS (App)";
			sourceTree = "<group>";
		};
		0770A0292F0AD5820094C515 /* macOS (App) */ = {
			isa = PBXFileSystemSynchronizedRootGroup;
			path = "macOS (App)";
			sourceTree = "<group>";
		};
		0770A0372F0AD5820094C515 /* iOS (Extension) */ = {
			isa = PBXFileSystemSynchronizedRootGroup;
			exceptions = (
				0770A0652F0AD5820094C515 /* Exceptions for "iOS (Extension)" folder in "Lean Docs Highlighter Extension (iOS)" target */,
			);
			path = "iOS (Extension)";
			sourceTree = "<group>";
		};
		0770A0412F0AD5820094C515 /* macOS (Extension) */ = {
			isa = PBXFileSystemSynchronizedRootGroup;
			exceptions = (
				0770A06F2F0AD5820094C515 /* Exceptions for "macOS (Extension)" folder in "Lean Docs Highlighter Extension (macOS)" target */,
			);
			path = "macOS (Extension)";
			sourceTree = "<group>";
		};
/* End PBXFileSystemSynchronizedRootGroup section */

/* Begin PBXFrameworksBuildPhase section */
		0770A0132F0AD5820094C515 /* Frameworks */ = {
			isa = PBXFrameworksBuildPhase;
			buildActionMask = 2147483647;
			files = (
			);
			runOnlyForDeploymentPostprocessing = 0;
		};
		0770A0252F0AD5820094C515 /* Frameworks */ = {
			isa = PBXFrameworksBuildPhase;
			buildActionMask = 2147483647;
			files = (
			);
			runOnlyForDeploymentPostprocessing = 0;
		};
		0770A0302F0AD5820094C515 /* Frameworks */ = {
			isa = PBXFrameworksBuildPhase;
			buildActionMask = 2147483647;
			files = (
			);
			runOnlyForDeploymentPostprocessing = 0;
		};
		0770A03A2F0AD5820094C515 /* Frameworks */ = {
			isa = PBXFrameworksBuildPhase;
			buildActionMask = 2147483647;
			files = (
			);
			runOnlyForDeploymentPostprocessing = 0;
		};
/* End PBXFrameworksBuildPhase section */

/* Begin PBXGroup section */
		07709FF92F0AD5810094C515 = {
			isa = PBXGroup;
			children = (
				07709FFE2F0AD5810094C515 /* Shared (App) */,
				0770A0072F0AD5820094C515 /* Shared (Extension) */,
				0770A0182F0AD5820094C515 /* iOS (App) */,
				0770A0292F0AD5820094C515 /* macOS (App) */,
				0770A0372F0AD5820094C515 /* iOS (Extension) */,
				0770A0412F0AD5820094C515 /* macOS (Extension) */,
				0770A0172F0AD5820094C515 /* Products */,
			);
			sourceTree = "<group>";
		};
		0770A0172F0AD5820094C515 /* Products */ = {
			isa = PBXGroup;
			children = (
				0770A0162F0AD5820094C515 /* Lean Docs Highlighter.app */,
				0770A0282F0AD5820094C515 /* Lean Docs Highlighter.app */,
				0770A0332F0AD5820094C515 /* Lean Docs Highlighter Extension.appex */,
				0770A03D2F0AD5820094C515 /* Lean Docs Highlighter Extension.appex */,
			);
			name = Products;
			sourceTree = "<group>";
		};
/* End PBXGroup section */

/* Begin PBXNativeTarget section */
		0770A0152F0AD5820094C515 /* Lean Docs Highlighter (iOS) */ = {
			isa = PBXNativeTarget;
			buildConfigurationList = 0770A0672F0AD5820094C515 /* Build configuration list for PBXNativeTarget "Lean Docs Highlighter (iOS)" */;
			buildPhases = (
				0770A0122F0AD5820094C515 /* Sources */,
				0770A0132F0AD5820094C515 /* Frameworks */,
				0770A0142F0AD5820094C515 /* Resources */,
				0770A0662F0AD5820094C515 /* Embed Foundation Extensions */,
			);
			buildRules = (
			);
			dependencies = (
				0770A0362F0AD5820094C515 /* PBXTargetDependency */,
			);
			fileSystemSynchronizedGroups = (
				0770A0182F0AD5820094C515 /* iOS (App) */,
			);
			name = "Lean Docs Highlighter (iOS)";
			packageProductDependencies = (
			);
			productName = "Lean Docs Highlighter (iOS)";
			productReference = 0770A0162F0AD5820094C515 /* Lean Docs Highlighter.app */;
			productType = "com.apple.product-type.application";
		};
		0770A0272F0AD5820094C515 /* Lean Docs Highlighter (macOS) */ = {
			isa = PBXNativeTarget;
			buildConfigurationList = 0770A0712F0AD5820094C515 /* Build configuration list for PBXNativeTarget "Lean Docs Highlighter (macOS)" */;
			buildPhases = (
				0770A0242F0AD5820094C515 /* Sources */,
				0770A0252F0AD5820094C515 /* Frameworks */,
				0770A0262F0AD5820094C515 /* Resources */,
				0770A0702F0AD5820094C515 /* Embed Foundation Extensions */,
			);
			buildRules = (
			);
			dependencies = (
				0770A0402F0AD5820094C515 /* PBXTargetDependency */,
			);
			fileSystemSynchronizedGroups = (
				0770A0292F0AD5820094C515 /* macOS (App) */,
			);
			name = "Lean Docs Highlighter (macOS)";
			packageProductDependencies = (
			);
			productName = "Lean Docs Highlighter (macOS)";
			productReference = 0770A0282F0AD5820094C515 /* Lean Docs Highlighter.app */;
			productType = "com.apple.product-type.application";
		};
		0770A0322F0AD5820094C515 /* Lean Docs Highlighter Extension (iOS) */ = {
			isa = PBXNativeTarget;
			buildConfigurationList = 0770A0622F0AD5820094C515 /* Build configuration list for PBXNativeTarget "Lean Docs Highlighter Extension (iOS)" */;
			buildPhases = (
				0770A02F2F0AD5820094C515 /* Sources */,
				0770A0302F0AD5820094C515 /* Frameworks */,
				0770A0312F0AD5820094C515 /* Resources */,
			);
			buildRules = (
			);
			dependencies = (
			);
			fileSystemSynchronizedGroups = (
				0770A0372F0AD5820094C515 /* iOS (Extension) */,
			);
			name = "Lean Docs Highlighter Extension (iOS)";
			packageProductDependencies = (
			);
			productName = "Lean Docs Highlighter Extension (iOS)";
			productReference = 0770A0332F0AD5820094C515 /* Lean Docs Highlighter Extension.appex */;
			productType = "com.apple.product-type.app-extension";
		};
		0770A03C2F0AD5820094C515 /* Lean Docs Highlighter Extension (macOS) */ = {
			isa = PBXNativeTarget;
			buildConfigurationList = 0770A06C2F0AD5820094C515 /* Build configuration list for PBXNativeTarget "Lean Docs Highlighter Extension (macOS)" */;
			buildPhases = (
				0770A0392F0AD5820094C515 /* Sources */,
				0770A03A2F0AD5820094C515 /* Frameworks */,
				0770A03B2F0AD5820094C515 /* Resources */,
			);
			buildRules = (
			);
			dependencies = (
			);
			fileSystemSynchronizedGroups = (
				0770A0412F0AD5820094C515 /* macOS (Extension) */,
			);
			name = "Lean Docs Highlighter Extension (macOS)";
			packageProductDependencies = (
			);
			productName = "Lean Docs Highlighter Extension (macOS)";
			productReference = 0770A03D2F0AD5820094C515 /* Lean Docs Highlighter Extension.appex */;
			productType = "com.apple.product-type.app-extension";
		};
/* End PBXNativeTarget section */

/* Begin PBXProject section */
		07709FFA2F0AD5810094C515 /* Project object */ = {
			isa = PBXProject;
			attributes = {
				BuildIndependentTargetsInParallel = 1;
				LastSwiftUpdateCheck = 2620;
				LastUpgradeCheck = 2620;
				TargetAttributes = {
					0770A0152F0AD5820094C515 = {
						CreatedOnToolsVersion = 26.2;
					};
					0770A0272F0AD5820094C515 = {
						CreatedOnToolsVersion = 26.2;
					};
					0770A0322F0AD5820094C515 = {
						CreatedOnToolsVersion = 26.2;
					};
					0770A03C2F0AD5820094C515 = {
						CreatedOnToolsVersion = 26.2;
					};
				};
			};
			buildConfigurationList = 07709FFD2F0AD5810094C515 /* Build configuration list for PBXProject "Lean Docs Highlighter" */;
			developmentRegion = en;
			hasScannedForEncodings = 0;
			knownRegions = (
				en,
				Base,
			);
			mainGroup = 07709FF92F0AD5810094C515;
			minimizedProjectReferenceProxies = 1;
			preferredProjectObjectVersion = 77;
			productRefGroup = 0770A0172F0AD5820094C515 /* Products */;
			projectDirPath = "";
			projectRoot = "";
			targets = (
				0770A0152F0AD5820094C515 /* Lean Docs Highlighter (iOS) */,
				0770A0272F0AD5820094C515 /* Lean Docs Highlighter (macOS) */,
				0770A0322F0AD5820094C515 /* Lean Docs Highlighter Extension (iOS) */,
				0770A03C2F0AD5820094C515 /* Lean Docs Highlighter Extension (macOS) */,
			);
		};
/* End PBXProject section */

/* Begin PBXResourcesBuildPhase section */
		0770A0142F0AD5820094C515 /* Resources */ = {
			isa = PBXResourcesBuildPhase;
			buildActionMask = 2147483647;
			files = (
			);
			runOnlyForDeploymentPostprocessing = 0;
		};
		0770A0262F0AD5820094C515 /* Resources */ = {
			isa = PBXResourcesBuildPhase;
			buildActionMask = 2147483647;
			files = (
			);
			runOnlyForDeploymentPostprocessing = 0;
		};
		0770A0312F0AD5820094C515 /* Resources */ = {
			isa = PBXResourcesBuildPhase;
			buildActionMask = 2147483647;
			files = (
			);
			runOnlyForDeploymentPostprocessing = 0;
		};
		0770A03B2F0AD5820094C515 /* Resources */ = {
			isa = PBXResourcesBuildPhase;
			buildActionMask = 2147483647;
			files = (
			);
			runOnlyForDeploymentPostprocessing = 0;
		};
/* End PBXResourcesBuildPhase section */

/* Begin PBXSourcesBuildPhase section */
		0770A0122F0AD5820094C515 /* Sources */ = {
			isa = PBXSourcesBuildPhase;
			buildActionMask = 2147483647;
			files = (
			);
			runOnlyForDeploymentPostprocessing = 0;
		};
		0770A0242F0AD5820094C515 /* Sources */ = {
			isa = PBXSourcesBuildPhase;
			buildActionMask = 2147483647;
			files = (
			);
			runOnlyForDeploymentPostprocessing = 0;
		};
		0770A02F2F0AD5820094C515 /* Sources */ = {
			isa = PBXSourcesBuildPhase;
			buildActionMask = 2147483647;
			files = (
			);
			runOnlyForDeploymentPostprocessing = 0;
		};
		0770A0392F0AD5820094C515 /* Sources */ = {
			isa = PBXSourcesBuildPhase;
			buildActionMask = 2147483647;
			files = (
			);
			runOnlyForDeploymentPostprocessing = 0;
		};
/* End PBXSourcesBuildPhase section */

/* Begin PBXTargetDependency section */
		0770A0362F0AD5820094C515 /* PBXTargetDependency */ = {
			isa = PBXTargetDependency;
			target = 0770A0322F0AD5820094C515 /* Lean Docs Highlighter Extension (iOS) */;
			targetProxy = 0770A0352F0AD5820094C515 /* PBXContainerItemProxy */;
		};
		0770A0402F0AD5820094C515 /* PBXTargetDependency */ = {
			isa = PBXTargetDependency;
			target = 0770A03C2F0AD5820094C515 /* Lean Docs Highlighter Extension (macOS) */;
			targetProxy = 0770A03F2F0AD5820094C515 /* PBXContainerItemProxy */;
		};
/* End PBXTargetDependency section */

/* Begin XCBuildConfiguration section */
		0770A0632F0AD5820094C515 /* Debug */ = {
			isa = XCBuildConfiguration;
			buildSettings = {
				CODE_SIGN_STYLE = Automatic;
				CURRENT_PROJECT_VERSION = 1;
				GENERATE_INFOPLIST_FILE = YES;
				INFOPLIST_FILE = "iOS (Extension)/Info.plist";
				INFOPLIST_KEY_CFBundleDisplayName = "Lean Docs Highlighter Extension";
				INFOPLIST_KEY_NSHumanReadableCopyright = "";
				IPHONEOS_DEPLOYMENT_TARGET = 15.0;
				LD_RUNPATH_SEARCH_PATHS = (
					"$(inherited)",
					"@executable_path/Frameworks",
					"@executable_path/../../Frameworks",
				);
				MARKETING_VERSION = 1.0;
				OTHER_LDFLAGS = (
					"-framework",
					SafariServices,
				);
				PRODUCT_BUNDLE_IDENTIFIER = "local.Lean-Docs-Highlighter.Extension";
				PRODUCT_NAME = "Lean Docs Highlighter Extension";
				SDKROOT = iphoneos;
				SKIP_INSTALL = YES;
				STRING_CATALOG_GENERATE_SYMBOLS = YES;
				SWIFT_APPROACHABLE_CONCURRENCY = YES;
				SWIFT_EMIT_LOC_STRINGS = YES;
				SWIFT_UPCOMING_FEATURE_MEMBER_IMPORT_VISIBILITY = YES;
				SWIFT_VERSION = 5.0;
				TARGETED_DEVICE_FAMILY = "1,2";
			};
			name = Debug;
		};
		0770A0642F0AD5820094C515 /* Release */ = {
			isa = XCBuildConfiguration;
			buildSettings = {
				CODE_SIGN_STYLE = Automatic;
				CURRENT_PROJECT_VERSION = 1;
				GENERATE_INFOPLIST_FILE = YES;
				INFOPLIST_FILE = "iOS (Extension)/Info.plist";
				INFOPLIST_KEY_CFBundleDisplayName = "Lean Docs Highlighter Extension";
				INFOPLIST_KEY_NSHumanReadableCopyright = "";
				IPHONEOS_DEPLOYMENT_TARGET = 15.0;
				LD_RUNPATH_SEARCH_PATHS = (
					"$(inherited)",
					"@executable_path/Frameworks",
					"@executable_path/../../Frameworks",
				);
				MARKETING_VERSION = 1.0;
				OTHER_LDFLAGS = (
					"-framework",
					SafariServices,
				);
				PRODUCT_BUNDLE_IDENTIFIER = "local.Lean-Docs-Highlighter.Extension";
				PRODUCT_NAME = "Lean Docs Highlighter Extension";
				SDKROOT = iphoneos;
				SKIP_INSTALL = YES;
				STRING_CATALOG_GENERATE_SYMBOLS = YES;
				SWIFT_APPROACHABLE_CONCURRENCY = YES;
				SWIFT_EMIT_LOC_STRINGS = YES;
				SWIFT_UPCOMING_FEATURE_MEMBER_IMPORT_VISIBILITY = YES;
				SWIFT_VERSION = 5.0;
				TARGETED_DEVICE_FAMILY = "1,2";
				VALIDATE_PRODUCT = YES;
			};
			name = Release;
		};
		0770A0682F0AD5820094C515 /* Debug */ = {
			isa = XCBuildConfiguration;
			buildSettings = {
				ASSETCATALOG_COMPILER_APPICON_NAME = AppIcon;
				ASSETCATALOG_COMPILER_GLOBAL_ACCENT_COLOR_NAME = AccentColor;
				CODE_SIGN_STYLE = Automatic;
				CURRENT_PROJECT_VERSION = 1;
				GENERATE_INFOPLIST_FILE = YES;
				INFOPLIST_FILE = "iOS (App)/Info.plist";
				INFOPLIST_KEY_CFBundleDisplayName = "Lean Docs Highlighter";
				INFOPLIST_KEY_UIApplicationSupportsIndirectInputEvents = YES;
				INFOPLIST_KEY_UILaunchStoryboardName = LaunchScreen;
				INFOPLIST_KEY_UIMainStoryboardFile = Main;
				INFOPLIST_KEY_UISupportedInterfaceOrientations = "UIInterfaceOrientationPortrait UIInterfaceOrientationLandscapeLeft UIInterfaceOrientationLandscapeRight";
				INFOPLIST_KEY_UISupportedInterfaceOrientations_iPad = "UIInterfaceOrientationPortrait UIInterfaceOrientationPortraitUpsideDown UIInterfaceOrientationLandscapeLeft UIInterfaceOrientationLandscapeRight";
				IPHONEOS_DEPLOYMENT_TARGET = 15.0;
				LD_RUNPATH_SEARCH_PATHS = (
					"$(inherited)",
					"@executable_path/Frameworks",
				);
				MARKETING_VERSION = 1.0;
				OTHER_LDFLAGS = (
					"-framework",
					SafariServices,
					"-framework",
					WebKit,
				);
				PRODUCT_BUNDLE_IDENTIFIER = "local.Lean-Docs-Highlighter";
				PRODUCT_NAME = "Lean Docs Highlighter";
				SDKROOT = iphoneos;
				STRING_CATALOG_GENERATE_SYMBOLS = YES;
				SWIFT_APPROACHABLE_CONCURRENCY = YES;
				SWIFT_DEFAULT_ACTOR_ISOLATION = MainActor;
				SWIFT_EMIT_LOC_STRINGS = YES;
				SWIFT_UPCOMING_FEATURE_MEMBER_IMPORT_VISIBILITY = YES;
				SWIFT_VERSION = 5.0;
				TARGETED_DEVICE_FAMILY = "1,2";
			};
			name = Debug;
		};
		0770A0692F0AD5820094C515 /* Release */ = {
			isa = XCBuildConfiguration;
			buildSettings = {
				ASSETCATALOG_COMPILER_APPICON_NAME = AppIcon;
				ASSETCATALOG_COMPILER_GLOBAL_ACCENT_COLOR_NAME = AccentColor;
				CODE_SIGN_STYLE = Automatic;
				CURRENT_PROJECT_VERSION = 1;
				GENERATE_INFOPLIST_FILE = YES;
				INFOPLIST_FILE = "iOS (App)/Info.plist";
				INFOPLIST_KEY_CFBundleDisplayName = "Lean Docs Highlighter";
				INFOPLIST_KEY_UIApplicationSupportsIndirectInputEvents = YES;
				INFOPLIST_KEY_UILaunchStoryboardName = LaunchScreen;
				INFOPLIST_KEY_UIMainStoryboardFile = Main;
				INFOPLIST_KEY_UISupportedInterfaceOrientations = "UIInterfaceOrientationPortrait UIInterfaceOrientationLandscapeLeft UIInterfaceOrientationLandscapeRight";
				INFOPLIST_KEY_UISupportedInterfaceOrientations_iPad = "UIInterfaceOrientationPortrait UIInterfaceOrientationPortraitUpsideDown UIInterfaceOrientationLandscapeLeft UIInterfaceOrientationLandscapeRight";
				IPHONEOS_DEPLOYMENT_TARGET = 15.0;
				LD_RUNPATH_SEARCH_PATHS = (
					"$(inherited)",
					"@executable_path/Frameworks",
				);
				MARKETING_VERSION = 1.0;
				OTHER_LDFLAGS = (
					"-framework",
					SafariServices,
					"-framework",
					WebKit,
				);
				PRODUCT_BUNDLE_IDENTIFIER = "local.Lean-Docs-Highlighter";
				PRODUCT_NAME = "Lean Docs Highlighter";
				SDKROOT = iphoneos;
				STRING_CATALOG_GENERATE_SYMBOLS = YES;
				SWIFT_APPROACHABLE_CONCURRENCY = YES;
				SWIFT_DEFAULT_ACTOR_ISOLATION = MainActor;
				SWIFT_EMIT_LOC_STRINGS = YES;
				SWIFT_UPCOMING_FEATURE_MEMBER_IMPORT_VISIBILITY = YES;
				SWIFT_VERSION = 5.0;
				TARGETED_DEVICE_FAMILY = "1,2";
				VALIDATE_PRODUCT = YES;
			};
			name = Release;
		};
		0770A06D2F0AD5820094C515 /* Debug */ = {
			isa = XCBuildConfiguration;
			buildSettings = {
				CODE_SIGN_STYLE = Automatic;
				CURRENT_PROJECT_VERSION = 1;
				ENABLE_APP_SANDBOX = YES;
				ENABLE_HARDENED_RUNTIME = YES;
				ENABLE_USER_SELECTED_FILES = readonly;
				GENERATE_INFOPLIST_FILE = YES;
				INFOPLIST_FILE = "macOS (Extension)/Info.plist";
				INFOPLIST_KEY_CFBundleDisplayName = "Lean Docs Highlighter Extension";
				INFOPLIST_KEY_NSHumanReadableCopyright = "";
				LD_RUNPATH_SEARCH_PATHS = (
					"$(inherited)",
					"@executable_path/../Frameworks",
					"@executable_path/../../../../Frameworks",
				);
				MACOSX_DEPLOYMENT_TARGET = 10.14;
				MARKETING_VERSION = 1.0;
				OTHER_LDFLAGS = (
					"-framework",
					SafariServices,
				);
				PRODUCT_BUNDLE_IDENTIFIER = "local.Lean-Docs-Highlighter.Extension";
				PRODUCT_NAME = "Lean Docs Highlighter Extension";
				SDKROOT = macosx;
				SKIP_INSTALL = YES;
				STRING_CATALOG_GENERATE_SYMBOLS = YES;
				SWIFT_APPROACHABLE_CONCURRENCY = YES;
				SWIFT_EMIT_LOC_STRINGS = YES;
				SWIFT_UPCOMING_FEATURE_MEMBER_IMPORT_VISIBILITY = YES;
				SWIFT_VERSION = 5.0;
			};
			name = Debug;
		};
		0770A06E2F0AD5820094C515 /* Release */ = {
			isa = XCBuildConfiguration;
			buildSettings = {
				CODE_SIGN_STYLE = Automatic;
				CURRENT_PROJECT_VERSION = 1;
				ENABLE_APP_SANDBOX = YES;
				ENABLE_HARDENED_RUNTIME = YES;
				ENABLE_USER_SELECTED_FILES = readonly;
				GENERATE_INFOPLIST_FILE = YES;
				INFOPLIST_FILE = "macOS (Extension)/Info.plist";
				INFOPLIST_KEY_CFBundleDisplayName = "Lean Docs Highlighter Extension";
				INFOPLIST_KEY_NSHumanReadableCopyright = "";
				LD_RUNPATH_SEARCH_PATHS = (
					"$(inherited)",
					"@executable_path/../Frameworks",
					"@executable_path/../../../../Frameworks",
				);
				MACOSX_DEPLOYMENT_TARGET = 10.14;
				MARKETING_VERSION = 1.0;
				OTHER_LDFLAGS = (
					"-framework",
					SafariServices,
				);
				PRODUCT_BUNDLE_IDENTIFIER = "local.Lean-Docs-Highlighter.Extension";
				PRODUCT_NAME = "Lean Docs Highlighter Extension";
				SDKROOT = macosx;
				SKIP_INSTALL = YES;
				STRING_CATALOG_GENERATE_SYMBOLS = YES;
				SWIFT_APPROACHABLE_CONCURRENCY = YES;
				SWIFT_EMIT_LOC_STRINGS = YES;
				SWIFT_UPCOMING_FEATURE_MEMBER_IMPORT_VISIBILITY = YES;
				SWIFT_VERSION = 5.0;
			};
			name = Release;
		};
		0770A0722F0AD5820094C515 /* Debug */ = {
			isa = XCBuildConfiguration;
			buildSettings = {
				ASSETCATALOG_COMPILER_APPICON_NAME = AppIcon;
				ASSETCATALOG_COMPILER_GLOBAL_ACCENT_COLOR_NAME = AccentColor;
				CODE_SIGN_STYLE = Automatic;
				CURRENT_PROJECT_VERSION = 1;
				ENABLE_APP_SANDBOX = YES;
				ENABLE_HARDENED_RUNTIME = YES;
				ENABLE_OUTGOING_NETWORK_CONNECTIONS = YES;
				ENABLE_USER_SELECTED_FILES = readonly;
				GENERATE_INFOPLIST_FILE = YES;
				INFOPLIST_KEY_CFBundleDisplayName = "Lean Docs Highlighter";
				INFOPLIST_KEY_NSMainStoryboardFile = Main;
				INFOPLIST_KEY_NSPrincipalClass = NSApplication;
				LD_RUNPATH_SEARCH_PATHS = (
					"$(inherited)",
					"@executable_path/../Frameworks",
				);
				MACOSX_DEPLOYMENT_TARGET = 10.14;
				MARKETING_VERSION = 1.0;
				OTHER_LDFLAGS = (
					"-framework",
					SafariServices,
					"-framework",
					WebKit,
				);
				PRODUCT_BUNDLE_IDENTIFIER = "local.Lean-Docs-Highlighter";
				PRODUCT_NAME = "Lean Docs Highlighter";
				REGISTER_APP_GROUPS = YES;
				SDKROOT = macosx;
				STRING_CATALOG_GENERATE_SYMBOLS = YES;
				SWIFT_APPROACHABLE_CONCURRENCY = YES;
				SWIFT_DEFAULT_ACTOR_ISOLATION = MainActor;
				SWIFT_EMIT_LOC_STRINGS = YES;
				SWIFT_UPCOMING_FEATURE_MEMBER_IMPORT_VISIBILITY = YES;
				SWIFT_VERSION = 5.0;
			};
			name = Debug;
		};
		0770A0732F0AD5820094C515 /* Release */ = {
			isa = XCBuildConfiguration;
			buildSettings = {
				ASSETCATALOG_COMPILER_APPICON_NAME = AppIcon;
				ASSETCATALOG_COMPILER_GLOBAL_ACCENT_COLOR_NAME = AccentColor;
				CODE_SIGN_STYLE = Automatic;
				CURRENT_PROJECT_VERSION = 1;
				ENABLE_APP_SANDBOX = YES;
				ENABLE_HARDENED_RUNTIME = YES;
				ENABLE_OUTGOING_NETWORK_CONNECTIONS = YES;
				ENABLE_USER_SELECTED_FILES = readonly;
				GENERATE_INFOPLIST_FILE = YES;
				INFOPLIST_KEY_CFBundleDisplayName = "Lean Docs Highlighter";
				INFOPLIST_KEY_NSMainStoryboardFile = Main;
				INFOPLIST_KEY_NSPrincipalClass = NSApplication;
				LD_RUNPATH_SEARCH_PATHS = (
					"$(inherited)",
					"@executable_path/../Frameworks",
				);
				MACOSX_DEPLOYMENT_TARGET = 10.14;
				MARKETING_VERSION = 1.0;
				OTHER_LDFLAGS = (
					"-framework",
					SafariServices,
					"-framework",
					WebKit,
				);
				PRODUCT_BUNDLE_IDENTIFIER = "local.Lean-Docs-Highlighter";
				PRODUCT_NAME = "Lean Docs Highlighter";
				REGISTER_APP_GROUPS = YES;
				SDKROOT = macosx;
				STRING_CATALOG_GENERATE_SYMBOLS = YES;
				SWIFT_APPROACHABLE_CONCURRENCY = YES;
				SWIFT_DEFAULT_ACTOR_ISOLATION = MainActor;
				SWIFT_EMIT_LOC_STRINGS = YES;
				SWIFT_UPCOMING_FEATURE_MEMBER_IMPORT_VISIBILITY = YES;
				SWIFT_VERSION = 5.0;
			};
			name = Release;
		};
		0770A0762F0AD5820094C515 /* Debug */ = {
			isa = XCBuildConfiguration;
			buildSettings = {
				ALWAYS_SEARCH_USER_PATHS = NO;
				ASSETCATALOG_COMPILER_GENERATE_SWIFT_ASSET_SYMBOL_EXTENSIONS = YES;
				CLANG_ANALYZER_NONNULL = YES;
				CLANG_ANALYZER_NUMBER_OBJECT_CONVERSION = YES_AGGRESSIVE;
				CLANG_CXX_LANGUAGE_STANDARD = "gnu++20";
				CLANG_ENABLE_MODULES = YES;
				CLANG_ENABLE_OBJC_ARC = YES;
				CLANG_ENABLE_OBJC_WEAK = YES;
				CLANG_WARN_BLOCK_CAPTURE_AUTORELEASING = YES;
				CLANG_WARN_BOOL_CONVERSION = YES;
				CLANG_WARN_COMMA = YES;
				CLANG_WARN_CONSTANT_CONVERSION = YES;
				CLANG_WARN_DEPRECATED_OBJC_IMPLEMENTATIONS = YES;
				CLANG_WARN_DIRECT_OBJC_ISA_USAGE = YES_ERROR;
				CLANG_WARN_DOCUMENTATION_COMMENTS = YES;
				CLANG_WARN_EMPTY_BODY = YES;
				CLANG_WARN_ENUM_CONVERSION = YES;
				CLANG_WARN_INFINITE_RECURSION = YES;
				CLANG_WARN_INT_CONVERSION = YES;
				CLANG_WARN_NON_LITERAL_NULL_CONVERSION = YES;
				CLANG_WARN_OBJC_IMPLICIT_RETAIN_SELF = YES;
				CLANG_WARN_OBJC_LITERAL_CONVERSION = YES;
				CLANG_WARN_OBJC_ROOT_CLASS = YES_ERROR;
				CLANG_WARN_QUOTED_INCLUDE_IN_FRAMEWORK_HEADER = YES;
				CLANG_WARN_RANGE_LOOP_ANALYSIS = YES;
				CLANG_WARN_STRICT_PROTOTYPES = YES;
				CLANG_WARN_SUSPICIOUS_MOVE = YES;
				CLANG_WARN_UNGUARDED_AVAILABILITY = YES_AGGRESSIVE;
				CLANG_WARN_UNREACHABLE_CODE = YES;
				CLANG_WARN__DUPLICATE_METHOD_MATCH = YES;
				COPY_PHASE_STRIP = NO;
				DEBUG_INFORMATION_FORMAT = dwarf;
				ENABLE_STRICT_OBJC_MSGSEND = YES;
				ENABLE_TESTABILITY = YES;
				ENABLE_USER_SCRIPT_SANDBOXING = YES;
				GCC_C_LANGUAGE_STANDARD = gnu17;
				GCC_DYNAMIC_NO_PIC = NO;
				GCC_NO_COMMON_BLOCKS = YES;
				GCC_OPTIMIZATION_LEVEL = 0;
				GCC_PREPROCESSOR_DEFINITIONS = (
					"DEBUG=1",
					"$(inherited)",
				);
				GCC_WARN_64_TO_32_BIT_CONVERSION = YES;
				GCC_WARN_ABOUT_RETURN_TYPE = YES_ERROR;
				GCC_WARN_UNDECLARED_SELECTOR = YES;
				GCC_WARN_UNINITIALIZED_AUTOS = YES_AGGRESSIVE;
				GCC_WARN_UNUSED_FUNCTION = YES;
				GCC_WARN_UNUSED_VARIABLE = YES;
				LOCALIZATION_PREFERS_STRING_CATALOGS = YES;
				MTL_ENABLE_DEBUG_INFO = INCLUDE_SOURCE;
				MTL_FAST_MATH = YES;
				ONLY_ACTIVE_ARCH = YES;
				SWIFT_ACTIVE_COMPILATION_CONDITIONS = "DEBUG $(inherited)";
				SWIFT_OPTIMIZATION_LEVEL = "-Onone";
			};
			name = Debug;
		};
		0770A0772F0AD5820094C515 /* Release */ = {
			isa = XCBuildConfiguration;
			buildSettings = {
				ALWAYS_SEARCH_USER_PATHS = NO;
				ASSETCATALOG_COMPILER_GENERATE_SWIFT_ASSET_SYMBOL_EXTENSIONS = YES;
				CLANG_ANALYZER_NONNULL = YES;
				CLANG_ANALYZER_NUMBER_OBJECT_CONVERSION = YES_AGGRESSIVE;
				CLANG_CXX_LANGUAGE_STANDARD = "gnu++20";
				CLANG_ENABLE_MODULES = YES;
				CLANG_ENABLE_OBJC_ARC = YES;
				CLANG_ENABLE_OBJC_WEAK = YES;
				CLANG_WARN_BLOCK_CAPTURE_AUTORELEASING = YES;
				CLANG_WARN_BOOL_CONVERSION = YES;
				CLANG_WARN_COMMA = YES;
				CLANG_WARN_CONSTANT_CONVERSION = YES;
				CLANG_WARN_DEPRECATED_OBJC_IMPLEMENTATIONS = YES;
				CLANG_WARN_DIRECT_OBJC_ISA_USAGE = YES_ERROR;
				CLANG_WARN_DOCUMENTATION_COMMENTS = YES;
				CLANG_WARN_EMPTY_BODY = YES;
				CLANG_WARN_ENUM_CONVERSION = YES;
				CLANG_WARN_INFINITE_RECURSION = YES;
				CLANG_WARN_INT_CONVERSION = YES;
				CLANG_WARN_NON_LITERAL_NULL_CONVERSION = YES;
				CLANG_WARN_OBJC_IMPLICIT_RETAIN_SELF = YES;
				CLANG_WARN_OBJC_LITERAL_CONVERSION = YES;
				CLANG_WARN_OBJC_ROOT_CLASS = YES_ERROR;
				CLANG_WARN_QUOTED_INCLUDE_IN_FRAMEWORK_HEADER = YES;
				CLANG_WARN_RANGE_LOOP_ANALYSIS = YES;
				CLANG_WARN_STRICT_PROTOTYPES = YES;
				CLANG_WARN_SUSPICIOUS_MOVE = YES;
				CLANG_WARN_UNGUARDED_AVAILABILITY = YES_AGGRESSIVE;
				CLANG_WARN_UNREACHABLE_CODE = YES;
				CLANG_WARN__DUPLICATE_METHOD_MATCH = YES;
				COPY_PHASE_STRIP = NO;
				DEBUG_INFORMATION_FORMAT = "dwarf-with-dsym";
				ENABLE_NS_ASSERTIONS = NO;
				ENABLE_STRICT_OBJC_MSGSEND = YES;
				ENABLE_USER_SCRIPT_SANDBOXING = YES;
				GCC_C_LANGUAGE_STANDARD = gnu17;
				GCC_NO_COMMON_BLOCKS = YES;
				GCC_WARN_64_TO_32_BIT_CONVERSION = YES;
				GCC_WARN_ABOUT_RETURN_TYPE = YES_ERROR;
				GCC_WARN_UNDECLARED_SELECTOR = YES;
				GCC_WARN_UNINITIALIZED_AUTOS = YES_AGGRESSIVE;
				GCC_WARN_UNUSED_FUNCTION = YES;
				GCC_WARN_UNUSED_VARIABLE = YES;
				LOCALIZATION_PREFERS_STRING_CATALOGS = YES;
				MTL_ENABLE_DEBUG_INFO = NO;
				MTL_FAST_MATH = YES;
				SWIFT_COMPILATION_MODE = wholemodule;
			};
			name = Release;
		};
/* End XCBuildConfiguration section */

/* Begin XCConfigurationList section */
		07709FFD2F0AD5810094C515 /* Build configuration list for PBXProject "Lean Docs Highlighter" */ = {
			isa = XCConfigurationList;
			buildConfigurations = (
				0770A0762F0AD5820094C515 /* Debug */,
				0770A0772F0AD5820094C515 /* Release */,
			);
			defaultConfigurationIsVisible = 0;
			defaultConfigurationName = Release;
		};
		0770A0622F0AD5820094C515 /* Build configuration list for PBXNativeTarget "Lean Docs Highlighter Extension (iOS)" */ = {
			isa = XCConfigurationList;
			buildConfigurations = (
				0770A0632F0AD5820094C515 /* Debug */,
				0770A0642F0AD5820094C515 /* Release */,
			);
			defaultConfigurationIsVisible = 0;
			defaultConfigurationName = Release;
		};
		0770A0672F0AD5820094C515 /* Build configuration list for PBXNativeTarget "Lean Docs Highlighter (iOS)" */ = {
			isa = XCConfigurationList;
			buildConfigurations = (
				0770A0682F0AD5820094C515 /* Debug */,
				0770A0692F0AD5820094C515 /* Release */,
			);
			defaultConfigurationIsVisible = 0;
			defaultConfigurationName = Release;
		};
		0770A06C2F0AD5820094C515 /* Build configuration list for PBXNativeTarget "Lean Docs Highlighter Extension (macOS)" */ = {
			isa = XCConfigurationList;
			buildConfigurations = (
				0770A06D2F0AD5820094C515 /* Debug */,
				0770A06E2F0AD5820094C515 /* Release */,
			);
			defaultConfigurationIsVisible = 0;
			defaultConfigurationName = Release;
		};
		0770A0712F0AD5820094C515 /* Build configuration list for PBXNativeTarget "Lean Docs Highlighter (macOS)" */ = {
			isa = XCConfigurationList;
			buildConfigurations = (
				0770A0722F0AD5820094C515 /* Debug */,
				0770A0732F0AD5820094C515 /* Release */,
			);
			defaultConfigurationIsVisible = 0;
			defaultConfigurationName = Release;
		};
/* End XCConfigurationList section */
	};
	rootObject = 07709FFA2F0AD5810094C515 /* Project object */;
}
